
Microsoft Visual Studio Solution File, Format Version 12.00
# Visual Studio 15
VisualStudioVersion = 15.0.26730.16
MinimumVisualStudioVersion = 10.0.40219.1
Project("{888888A0-9F3D-457C-B088-3A5042F75D52}") = "Movie_Cluster", "Movie_Cluster\Movie_Cluster.pyproj", "{58500886-6F71-4637-9418-7748619143CA}"
EndProject
Global
	GlobalSection(SolutionConfigurationPlatforms) = preSolution
		Debug|Any CPU = Debug|Any CPU
		Release|Any CPU = Release|Any CPU
	EndGlobalSection
	GlobalSection(ProjectConfigurationPlatforms) = postSolution
		{58500886-6F71-4637-9418-7748619143CA}.Debug|Any CPU.ActiveCfg = Debug|Any CPU
		{58500886-6F71-4637-9418-7748619143CA}.Release|Any CPU.ActiveCfg = Release|Any CPU
	EndGlobalSection
	GlobalSection(SolutionProperties) = preSolution
		HideSolutionNode = FALSE
	EndGlobalSection
	GlobalSection(ExtensibilityGlobals) = postSolution
		SolutionGuid = {64B2464F-235F-40F7-9F79-46D6933A3E2D}
	EndGlobalSection
EndGlobal
